
Microsoft Visual Studio Solution File, Format Version 12.00
# Visual Studio Version 17
VisualStudioVersion = 17.2.32602.215
MinimumVisualStudioVersion = 10.0.40219.1
Project("{FAE04EC0-301F-11D3-BF4B-00C04F79EFBC}") = "Aula02_210622", "Aula02_210622\Aula02_210622.csproj", "{BC75EC0F-A89E-4CC2-8B8B-C2573AB588A3}"
EndProject
Global
	GlobalSection(SolutionConfigurationPlatforms) = preSolution
		Debug|Any CPU = Debug|Any CPU
		Release|Any CPU = Release|Any CPU
	EndGlobalSection
	GlobalSection(ProjectConfigurationPlatforms) = postSolution
		{BC75EC0F-A89E-4CC2-8B8B-C2573AB588A3}.Debug|Any CPU.ActiveCfg = Debug|Any CPU
		{BC75EC0F-A89E-4CC2-8B8B-C2573AB588A3}.Debug|Any CPU.Build.0 = Debug|Any CPU
		{BC75EC0F-A89E-4CC2-8B8B-C2573AB588A3}.Release|Any CPU.ActiveCfg = Release|Any CPU
		{BC75EC0F-A89E-4CC2-8B8B-C2573AB588A3}.Release|Any CPU.Build.0 = Release|Any CPU
	EndGlobalSection
	GlobalSection(SolutionProperties) = preSolution
		HideSolutionNode = FALSE
	EndGlobalSection
	GlobalSection(ExtensibilityGlobals) = postSolution
		SolutionGuid = {AF624EAE-A3B8-4F0F-8AAD-C585628224DF}
	EndGlobalSection
EndGlobal
